
Microsoft Visual Studio Solution File, Format Version 12.00
# Visual Studio Version 17
VisualStudioVersion = 17.9.34902.65
MinimumVisualStudioVersion = 10.0.40219.1
Project("{FAE04EC0-301F-11D3-BF4B-00C04F79EFBC}") = "Lab7.baz.lvl.15var", "Lab7.baz.lvl.15var\Lab7.baz.lvl.15var.csproj", "{F469AD7E-589F-4430-BF9D-7D59377C2987}"
EndProject
Global
	GlobalSection(SolutionConfigurationPlatforms) = preSolution
		Debug|Any CPU = Debug|Any CPU
		Release|Any CPU = Release|Any CPU
	EndGlobalSection
	GlobalSection(ProjectConfigurationPlatforms) = postSolution
		{F469AD7E-589F-4430-BF9D-7D59377C2987}.Debug|Any CPU.ActiveCfg = Debug|Any CPU
		{F469AD7E-589F-4430-BF9D-7D59377C2987}.Debug|Any CPU.Build.0 = Debug|Any CPU
		{F469AD7E-589F-4430-BF9D-7D59377C2987}.Release|Any CPU.ActiveCfg = Release|Any CPU
		{F469AD7E-589F-4430-BF9D-7D59377C2987}.Release|Any CPU.Build.0 = Release|Any CPU
	EndGlobalSection
	GlobalSection(SolutionProperties) = preSolution
		HideSolutionNode = FALSE
	EndGlobalSection
	GlobalSection(ExtensibilityGlobals) = postSolution
		SolutionGuid = {1944C948-B9F6-4DAD-A625-5C48AD48A673}
	EndGlobalSection
EndGlobal
